
Microsoft Visual Studio Solution File, Format Version 12.00
# Visual Studio Version 17
VisualStudioVersion = 17.5.33530.505
MinimumVisualStudioVersion = 10.0.40219.1
Project("{FAE04EC0-301F-11D3-BF4B-00C04F79EFBC}") = "LibraryAPI", "LibraryAPI\LibraryAPI.csproj", "{69D37453-D635-4184-94A7-28C122CE4E66}"
EndProject
Project("{FAE04EC0-301F-11D3-BF4B-00C04F79EFBC}") = "Business", "Business\Business.csproj", "{F91BC021-AA77-4BC9-BEB9-7E0171FFDCCD}"
EndProject
Project("{FAE04EC0-301F-11D3-BF4B-00C04F79EFBC}") = "Entities", "Entities\Entities.csproj", "{1489730D-173B-43FD-9A32-2A732DB9315A}"
EndProject
Project("{FAE04EC0-301F-11D3-BF4B-00C04F79EFBC}") = "Core", "Core\Core.csproj", "{91650849-7CC8-4FCA-8327-951698F80D1E}"
EndProject
Project("{FAE04EC0-301F-11D3-BF4B-00C04F79EFBC}") = "DataAccess", "DataAccess\DataAccess.csproj", "{42A2272C-B8BD-4C7B-8584-9705DDD1B075}"
EndProject
Global
	GlobalSection(SolutionConfigurationPlatforms) = preSolution
		Debug|Any CPU = Debug|Any CPU
		Release|Any CPU = Release|Any CPU
	EndGlobalSection
	GlobalSection(ProjectConfigurationPlatforms) = postSolution
		{69D37453-D635-4184-94A7-28C122CE4E66}.Debug|Any CPU.ActiveCfg = Debug|Any CPU
		{69D37453-D635-4184-94A7-28C122CE4E66}.Debug|Any CPU.Build.0 = Debug|Any CPU
		{69D37453-D635-4184-94A7-28C122CE4E66}.Release|Any CPU.ActiveCfg = Release|Any CPU
		{69D37453-D635-4184-94A7-28C122CE4E66}.Release|Any CPU.Build.0 = Release|Any CPU
		{F91BC021-AA77-4BC9-BEB9-7E0171FFDCCD}.Debug|Any CPU.ActiveCfg = Debug|Any CPU
		{F91BC021-AA77-4BC9-BEB9-7E0171FFDCCD}.Debug|Any CPU.Build.0 = Debug|Any CPU
		{F91BC021-AA77-4BC9-BEB9-7E0171FFDCCD}.Release|Any CPU.ActiveCfg = Release|Any CPU
		{F91BC021-AA77-4BC9-BEB9-7E0171FFDCCD}.Release|Any CPU.Build.0 = Release|Any CPU
		{1489730D-173B-43FD-9A32-2A732DB9315A}.Debug|Any CPU.ActiveCfg = Debug|Any CPU
		{1489730D-173B-43FD-9A32-2A732DB9315A}.Debug|Any CPU.Build.0 = Debug|Any CPU
		{1489730D-173B-43FD-9A32-2A732DB9315A}.Release|Any CPU.ActiveCfg = Release|Any CPU
		{1489730D-173B-43FD-9A32-2A732DB9315A}.Release|Any CPU.Build.0 = Release|Any CPU
		{91650849-7CC8-4FCA-8327-951698F80D1E}.Debug|Any CPU.ActiveCfg = Debug|Any CPU
		{91650849-7CC8-4FCA-8327-951698F80D1E}.Debug|Any CPU.Build.0 = Debug|Any CPU
		{91650849-7CC8-4FCA-8327-951698F80D1E}.Release|Any CPU.ActiveCfg = Release|Any CPU
		{91650849-7CC8-4FCA-8327-951698F80D1E}.Release|Any CPU.Build.0 = Release|Any CPU
		{42A2272C-B8BD-4C7B-8584-9705DDD1B075}.Debug|Any CPU.ActiveCfg = Debug|Any CPU
		{42A2272C-B8BD-4C7B-8584-9705DDD1B075}.Debug|Any CPU.Build.0 = Debug|Any CPU
		{42A2272C-B8BD-4C7B-8584-9705DDD1B075}.Release|Any CPU.ActiveCfg = Release|Any CPU
		{42A2272C-B8BD-4C7B-8584-9705DDD1B075}.Release|Any CPU.Build.0 = Release|Any CPU
	EndGlobalSection
	GlobalSection(SolutionProperties) = preSolution
		HideSolutionNode = FALSE
	EndGlobalSection
	GlobalSection(ExtensibilityGlobals) = postSolution
		SolutionGuid = {8EF7A475-F99E-4D72-BD8F-EF713C54DF37}
	EndGlobalSection
EndGlobal
